
Microsoft Visual Studio Solution File, Format Version 12.00
# Visual Studio 15
Project("{FAE04EC0-301F-11D3-BF4B-00C04F79EFBC}") = "Assembly-CSharp", "Assembly-CSharp.csproj", "{23C42443-8872-FA38-A783-951BD548C53C}"
EndProject
Project("{FAE04EC0-301F-11D3-BF4B-00C04F79EFBC}") = "Assembly-CSharp-Editor", "Assembly-CSharp-Editor.csproj", "{EC97C561-2637-6099-A216-022C9155C2B7}"
EndProject
Global
	GlobalSection(SolutionConfigurationPlatforms) = preSolution
		Debug|Any CPU = Debug|Any CPU
		Release|Any CPU = Release|Any CPU
	EndGlobalSection
	GlobalSection(ProjectConfigurationPlatforms) = postSolution
		{23C42443-8872-FA38-A783-951BD548C53C}.Debug|Any CPU.ActiveCfg = Debug|Any CPU
		{23C42443-8872-FA38-A783-951BD548C53C}.Debug|Any CPU.Build.0 = Debug|Any CPU
		{23C42443-8872-FA38-A783-951BD548C53C}.Release|Any CPU.ActiveCfg = Release|Any CPU
		{23C42443-8872-FA38-A783-951BD548C53C}.Release|Any CPU.Build.0 = Release|Any CPU
		{EC97C561-2637-6099-A216-022C9155C2B7}.Debug|Any CPU.ActiveCfg = Debug|Any CPU
		{EC97C561-2637-6099-A216-022C9155C2B7}.Debug|Any CPU.Build.0 = Debug|Any CPU
		{EC97C561-2637-6099-A216-022C9155C2B7}.Release|Any CPU.ActiveCfg = Release|Any CPU
		{EC97C561-2637-6099-A216-022C9155C2B7}.Release|Any CPU.Build.0 = Release|Any CPU
	EndGlobalSection
	GlobalSection(SolutionProperties) = preSolution
		HideSolutionNode = FALSE
	EndGlobalSection
EndGlobal
